
Microsoft Visual Studio Solution File, Format Version 12.00
# Visual Studio Version 16
VisualStudioVersion = 16.0.30907.101
MinimumVisualStudioVersion = 10.0.40219.1
Project("{FAE04EC0-301F-11D3-BF4B-00C04F79EFBC}") = "TiendaWeb", "TiendaWeb\TiendaWeb.csproj", "{BF40167C-CA19-4B8A-B8E8-EBF13F7B08F5}"
EndProject
Global
	GlobalSection(SolutionConfigurationPlatforms) = preSolution
		Debug|Any CPU = Debug|Any CPU
		Release|Any CPU = Release|Any CPU
	EndGlobalSection
	GlobalSection(ProjectConfigurationPlatforms) = postSolution
		{BF40167C-CA19-4B8A-B8E8-EBF13F7B08F5}.Debug|Any CPU.ActiveCfg = Debug|Any CPU
		{BF40167C-CA19-4B8A-B8E8-EBF13F7B08F5}.Debug|Any CPU.Build.0 = Debug|Any CPU
		{BF40167C-CA19-4B8A-B8E8-EBF13F7B08F5}.Release|Any CPU.ActiveCfg = Release|Any CPU
		{BF40167C-CA19-4B8A-B8E8-EBF13F7B08F5}.Release|Any CPU.Build.0 = Release|Any CPU
	EndGlobalSection
	GlobalSection(SolutionProperties) = preSolution
		HideSolutionNode = FALSE
	EndGlobalSection
	GlobalSection(ExtensibilityGlobals) = postSolution
		SolutionGuid = {51DC3CC5-4477-408B-91CA-CF762F928CA3}
	EndGlobalSection
EndGlobal
